
Microsoft Visual Studio Solution File, Format Version 12.00
# Visual Studio 15
VisualStudioVersion = 15.0.27130.2024
MinimumVisualStudioVersion = 10.0.40219.1
Project("{FAE04EC0-301F-11D3-BF4B-00C04F79EFBC}") = "Advanced_Excel", "Advanced_Excel.csproj", "{7ECF0AB5-5D2A-4D3C-9F1D-0DF8983EF853}"
EndProject
Global
	GlobalSection(SolutionConfigurationPlatforms) = preSolution
		Debug|Any CPU = Debug|Any CPU
		Release|Any CPU = Release|Any CPU
	EndGlobalSection
	GlobalSection(ProjectConfigurationPlatforms) = postSolution
		{7ECF0AB5-5D2A-4D3C-9F1D-0DF8983EF853}.Debug|Any CPU.ActiveCfg = Debug|Any CPU
		{7ECF0AB5-5D2A-4D3C-9F1D-0DF8983EF853}.Debug|Any CPU.Build.0 = Debug|Any CPU
		{7ECF0AB5-5D2A-4D3C-9F1D-0DF8983EF853}.Release|Any CPU.ActiveCfg = Release|Any CPU
		{7ECF0AB5-5D2A-4D3C-9F1D-0DF8983EF853}.Release|Any CPU.Build.0 = Release|Any CPU
	EndGlobalSection
	GlobalSection(SolutionProperties) = preSolution
		HideSolutionNode = FALSE
	EndGlobalSection
	GlobalSection(ExtensibilityGlobals) = postSolution
		SolutionGuid = {FE1B1C75-1A09-48E0-A763-FE9C7F42DEC1}
	EndGlobalSection
EndGlobal
